
Microsoft Visual Studio Solution File, Format Version 11.00
# Visual Studio 2010
Project("{FAE04EC0-301F-11D3-BF4B-00C04F79EFBC}") = "Code", "Code\Code.csproj", "{6229F7C8-3C6A-401E-B09D-294AE4E101D7}"
EndProject
Project("{FAE04EC0-301F-11D3-BF4B-00C04F79EFBC}") = "Tests", "Tests\Tests.csproj", "{106673E0-22FD-46B4-AA64-C856D1858291}"
EndProject
Project("{FAE04EC0-301F-11D3-BF4B-00C04F79EFBC}") = "Web", "Web\Web.csproj", "{1B111033-67E8-42F2-856D-65F90BFB67D4}"
EndProject
Project("{FAE04EC0-301F-11D3-BF4B-00C04F79EFBC}") = "MvcWeb", "MvcWeb\MvcWeb.csproj", "{5A7B7E4C-1CB0-4A62-A716-19EEA7B6F53A}"
EndProject
Global
	GlobalSection(SolutionConfigurationPlatforms) = preSolution
		Debug|Any CPU = Debug|Any CPU
		Release|Any CPU = Release|Any CPU
	EndGlobalSection
	GlobalSection(ProjectConfigurationPlatforms) = postSolution
		{6229F7C8-3C6A-401E-B09D-294AE4E101D7}.Debug|Any CPU.ActiveCfg = Debug|Any CPU
		{6229F7C8-3C6A-401E-B09D-294AE4E101D7}.Debug|Any CPU.Build.0 = Debug|Any CPU
		{6229F7C8-3C6A-401E-B09D-294AE4E101D7}.Release|Any CPU.ActiveCfg = Release|Any CPU
		{6229F7C8-3C6A-401E-B09D-294AE4E101D7}.Release|Any CPU.Build.0 = Release|Any CPU
		{106673E0-22FD-46B4-AA64-C856D1858291}.Debug|Any CPU.ActiveCfg = Debug|Any CPU
		{106673E0-22FD-46B4-AA64-C856D1858291}.Debug|Any CPU.Build.0 = Debug|Any CPU
		{106673E0-22FD-46B4-AA64-C856D1858291}.Release|Any CPU.ActiveCfg = Release|Any CPU
		{106673E0-22FD-46B4-AA64-C856D1858291}.Release|Any CPU.Build.0 = Release|Any CPU
		{1B111033-67E8-42F2-856D-65F90BFB67D4}.Debug|Any CPU.ActiveCfg = Debug|Any CPU
		{1B111033-67E8-42F2-856D-65F90BFB67D4}.Debug|Any CPU.Build.0 = Debug|Any CPU
		{1B111033-67E8-42F2-856D-65F90BFB67D4}.Release|Any CPU.ActiveCfg = Release|Any CPU
		{1B111033-67E8-42F2-856D-65F90BFB67D4}.Release|Any CPU.Build.0 = Release|Any CPU
		{5A7B7E4C-1CB0-4A62-A716-19EEA7B6F53A}.Debug|Any CPU.ActiveCfg = Debug|Any CPU
		{5A7B7E4C-1CB0-4A62-A716-19EEA7B6F53A}.Debug|Any CPU.Build.0 = Debug|Any CPU
		{5A7B7E4C-1CB0-4A62-A716-19EEA7B6F53A}.Release|Any CPU.ActiveCfg = Release|Any CPU
		{5A7B7E4C-1CB0-4A62-A716-19EEA7B6F53A}.Release|Any CPU.Build.0 = Release|Any CPU
	EndGlobalSection
	GlobalSection(SolutionProperties) = preSolution
		HideSolutionNode = FALSE
	EndGlobalSection
EndGlobal
